
Microsoft Visual Studio Solution File, Format Version 12.00
# Visual Studio Version 17
VisualStudioVersion = 17.10.35122.118
MinimumVisualStudioVersion = 10.0.40219.1
Project("{2150E333-8FDC-42A3-9474-1A3956D46DE8}") = "tests", "tests", "{1E7C6B83-F31C-4336-A6B7-EC71B7FE4560}"
EndProject
Project("{9A19103F-16F7-4668-BE54-9A1E7A4F7556}") = "FCG.Tests", "tests\FCG.Tests\FCG.Tests.csproj", "{32EB572C-CB72-4C37-8B6B-D0034AF28D8A}"
EndProject
Project("{2150E333-8FDC-42A3-9474-1A3956D46DE8}") = "src", "src", "{957991D9-B6F4-4418-A5F0-DFB091988FB8}"
EndProject
Project("{9A19103F-16F7-4668-BE54-9A1E7A4F7556}") = "FCG.Domain", "src\FCG.Domain\FCG.Domain.csproj", "{D7627FEC-4CB9-4D06-91C2-C720FA4A23FC}"
EndProject
Project("{9A19103F-16F7-4668-BE54-9A1E7A4F7556}") = "FCG.Application", "src\FCG.Application\FCG.Application.csproj", "{ABC140B0-EA19-4352-9D7C-32690CCDD0A4}"
EndProject
Project("{9A19103F-16F7-4668-BE54-9A1E7A4F7556}") = "FCG.Infrastructure", "src\FCG.Infrastructure\FCG.Infrastructure.csproj", "{E8DAD1F6-C7E3-48A8-87B3-567D14CA5D03}"
EndProject
Project("{9A19103F-16F7-4668-BE54-9A1E7A4F7556}") = "FCG.API", "src\FCG.API\FCG.API.csproj", "{2C6A93BA-C2C2-41FC-A2CD-378D8602F2CD}"
EndProject
Project("{2150E333-8FDC-42A3-9474-1A3956D46DE8}") = "Solution Items", "Solution Items", "{0A3B86C7-C38D-4B4F-81FC-B6A055EA0644}"
	ProjectSection(SolutionItems) = preProject
		.editorconfig.txt = .editorconfig.txt
	EndProjectSection
EndProject
Global
	GlobalSection(SolutionConfigurationPlatforms) = preSolution
		Debug|Any CPU = Debug|Any CPU
		Release|Any CPU = Release|Any CPU
	EndGlobalSection
	GlobalSection(ProjectConfigurationPlatforms) = postSolution
		{32EB572C-CB72-4C37-8B6B-D0034AF28D8A}.Debug|Any CPU.ActiveCfg = Debug|Any CPU
		{32EB572C-CB72-4C37-8B6B-D0034AF28D8A}.Debug|Any CPU.Build.0 = Debug|Any CPU
		{32EB572C-CB72-4C37-8B6B-D0034AF28D8A}.Release|Any CPU.ActiveCfg = Release|Any CPU
		{32EB572C-CB72-4C37-8B6B-D0034AF28D8A}.Release|Any CPU.Build.0 = Release|Any CPU
		{D7627FEC-4CB9-4D06-91C2-C720FA4A23FC}.Debug|Any CPU.ActiveCfg = Debug|Any CPU
		{D7627FEC-4CB9-4D06-91C2-C720FA4A23FC}.Debug|Any CPU.Build.0 = Debug|Any CPU
		{D7627FEC-4CB9-4D06-91C2-C720FA4A23FC}.Release|Any CPU.ActiveCfg = Release|Any CPU
		{D7627FEC-4CB9-4D06-91C2-C720FA4A23FC}.Release|Any CPU.Build.0 = Release|Any CPU
		{ABC140B0-EA19-4352-9D7C-32690CCDD0A4}.Debug|Any CPU.ActiveCfg = Debug|Any CPU
		{ABC140B0-EA19-4352-9D7C-32690CCDD0A4}.Debug|Any CPU.Build.0 = Debug|Any CPU
		{ABC140B0-EA19-4352-9D7C-32690CCDD0A4}.Release|Any CPU.ActiveCfg = Release|Any CPU
		{ABC140B0-EA19-4352-9D7C-32690CCDD0A4}.Release|Any CPU.Build.0 = Release|Any CPU
		{E8DAD1F6-C7E3-48A8-87B3-567D14CA5D03}.Debug|Any CPU.ActiveCfg = Debug|Any CPU
		{E8DAD1F6-C7E3-48A8-87B3-567D14CA5D03}.Debug|Any CPU.Build.0 = Debug|Any CPU
		{E8DAD1F6-C7E3-48A8-87B3-567D14CA5D03}.Release|Any CPU.ActiveCfg = Release|Any CPU
		{E8DAD1F6-C7E3-48A8-87B3-567D14CA5D03}.Release|Any CPU.Build.0 = Release|Any CPU
		{2C6A93BA-C2C2-41FC-A2CD-378D8602F2CD}.Debug|Any CPU.ActiveCfg = Debug|Any CPU
		{2C6A93BA-C2C2-41FC-A2CD-378D8602F2CD}.Debug|Any CPU.Build.0 = Debug|Any CPU
		{2C6A93BA-C2C2-41FC-A2CD-378D8602F2CD}.Release|Any CPU.ActiveCfg = Release|Any CPU
		{2C6A93BA-C2C2-41FC-A2CD-378D8602F2CD}.Release|Any CPU.Build.0 = Release|Any CPU
	EndGlobalSection
	GlobalSection(SolutionProperties) = preSolution
		HideSolutionNode = FALSE
	EndGlobalSection
	GlobalSection(NestedProjects) = preSolution
		{32EB572C-CB72-4C37-8B6B-D0034AF28D8A} = {1E7C6B83-F31C-4336-A6B7-EC71B7FE4560}
		{D7627FEC-4CB9-4D06-91C2-C720FA4A23FC} = {957991D9-B6F4-4418-A5F0-DFB091988FB8}
		{ABC140B0-EA19-4352-9D7C-32690CCDD0A4} = {957991D9-B6F4-4418-A5F0-DFB091988FB8}
		{E8DAD1F6-C7E3-48A8-87B3-567D14CA5D03} = {957991D9-B6F4-4418-A5F0-DFB091988FB8}
		{2C6A93BA-C2C2-41FC-A2CD-378D8602F2CD} = {957991D9-B6F4-4418-A5F0-DFB091988FB8}
	EndGlobalSection
	GlobalSection(ExtensibilityGlobals) = postSolution
		SolutionGuid = {01211D18-CFE1-44BF-BCE9-ED2614B5FCE8}
	EndGlobalSection
EndGlobal
